
Microsoft Visual Studio Solution File, Format Version 12.00
# Visual Studio Version 17
VisualStudioVersion = 17.9.34310.174
MinimumVisualStudioVersion = 10.0.40219.1
Project("{FAE04EC0-301F-11D3-BF4B-00C04F79EFBC}") = "SileconBlazorApp", "SileconBlazorApp\SileconBlazorApp.csproj", "{5F0A817C-91C6-4767-AEF0-160124661994}"
EndProject
Global
	GlobalSection(SolutionConfigurationPlatforms) = preSolution
		Debug|Any CPU = Debug|Any CPU
		Release|Any CPU = Release|Any CPU
	EndGlobalSection
	GlobalSection(ProjectConfigurationPlatforms) = postSolution
		{5F0A817C-91C6-4767-AEF0-160124661994}.Debug|Any CPU.ActiveCfg = Debug|Any CPU
		{5F0A817C-91C6-4767-AEF0-160124661994}.Debug|Any CPU.Build.0 = Debug|Any CPU
		{5F0A817C-91C6-4767-AEF0-160124661994}.Release|Any CPU.ActiveCfg = Release|Any CPU
		{5F0A817C-91C6-4767-AEF0-160124661994}.Release|Any CPU.Build.0 = Release|Any CPU
	EndGlobalSection
	GlobalSection(SolutionProperties) = preSolution
		HideSolutionNode = FALSE
	EndGlobalSection
	GlobalSection(ExtensibilityGlobals) = postSolution
		SolutionGuid = {5B673B4E-87CC-43FE-9E24-F2067C406BB8}
	EndGlobalSection
EndGlobal
